// !$*UTF8*$!
{
	archiveVersion = 1;
	classes = {
	};
	objectVersion = 46;
	objects = {

/* Begin PBXBuildFile section */
		3C8285621C19D8BB00ECF06C /* Photo.swift in Sources */ = {isa = PBXBuildFile; fileRef = 3C82855D1C19D8BB00ECF06C /* Photo.swift */; };
		3C8285631C19D8BB00ECF06C /* PhotoQuery.swift in Sources */ = {isa = PBXBuildFile; fileRef = 3C82855E1C19D8BB00ECF06C /* PhotoQuery.swift */; };
		3C8285641C19D8BB00ECF06C /* PhotoSearch.swift in Sources */ = {isa = PBXBuildFile; fileRef = 3C82855F1C19D8BB00ECF06C /* PhotoSearch.swift */; };
		3C8285651C19D8BB00ECF06C /* PhotoSearchError.swift in Sources */ = {isa = PBXBuildFile; fileRef = 3C8285601C19D8BB00ECF06C /* PhotoSearchError.swift */; };
		3C8285661C19D8BB00ECF06C /* Result.swift in Sources */ = {isa = PBXBuildFile; fileRef = 3C8285611C19D8BB00ECF06C /* Result.swift */; };
		3C82856E1C1A1E2900ECF06C /* PhotoTableViewCell.swift in Sources */ = {isa = PBXBuildFile; fileRef = 3C82856D1C1A1E2900ECF06C /* PhotoTableViewCell.swift */; };
		3CFCDDE11C1971B600B061E0 /* AppDelegate.swift in Sources */ = {isa = PBXBuildFile; fileRef = 3CFCDDE01C1971B600B061E0 /* AppDelegate.swift */; };
		3CFCDDE31C1971B600B061E0 /* PhotoSearchViewController.swift in Sources */ = {isa = PBXBuildFile; fileRef = 3CFCDDE21C1971B600B061E0 /* PhotoSearchViewController.swift */; };
		3CFCDDE61C1971B600B061E0 /* Main.storyboard in Resources */ = {isa = PBXBuildFile; fileRef = 3CFCDDE41C1971B600B061E0 /* Main.storyboard */; };
		3CFCDDE81C1971B600B061E0 /* Assets.xcassets in Resources */ = {isa = PBXBuildFile; fileRef = 3CFCDDE71C1971B600B061E0 /* Assets.xcassets */; };
		3CFCDDEB1C1971B600B061E0 /* LaunchScreen.storyboard in Resources */ = {isa = PBXBuildFile; fileRef = 3CFCDDE91C1971B600B061E0 /* LaunchScreen.storyboard */; };
		3CFCDDF61C1981C100B061E0 /* SettingsViewController.swift in Sources */ = {isa = PBXBuildFile; fileRef = 3CFCDDF51C1981C100B061E0 /* SettingsViewController.swift */; };
		8D11113BF04AE15938F7A226 /* Pods_BindingWithBond.framework in Frameworks */ = {isa = PBXBuildFile; fileRef = C6BB269468E922CE4B7EA08F /* Pods_BindingWithBond.framework */; };
/* End PBXBuildFile section */

/* Begin PBXFileReference section */
		2FF54F22CDFC77198915DAFB /* Pods.framework */ = {isa = PBXFileReference; explicitFileType = wrapper.framework; includeInIndex = 0; path = Pods.framework; sourceTree = BUILT_PRODUCTS_DIR; };
		3C82855D1C19D8BB00ECF06C /* Photo.swift */ = {isa = PBXFileReference; fileEncoding = 4; lastKnownFileType = sourcecode.swift; path = Photo.swift; sourceTree = "<group>"; };
		3C82855E1C19D8BB00ECF06C /* PhotoQuery.swift */ = {isa = PBXFileReference; fileEncoding = 4; lastKnownFileType = sourcecode.swift; path = PhotoQuery.swift; sourceTree = "<group>"; };
		3C82855F1C19D8BB00ECF06C /* PhotoSearch.swift */ = {isa = PBXFileReference; fileEncoding = 4; lastKnownFileType = sourcecode.swift; path = PhotoSearch.swift; sourceTree = "<group>"; };
		3C8285601C19D8BB00ECF06C /* PhotoSearchError.swift */ = {isa = PBXFileReference; fileEncoding = 4; lastKnownFileType = sourcecode.swift; path = PhotoSearchError.swift; sourceTree = "<group>"; };
		3C8285611C19D8BB00ECF06C /* Result.swift */ = {isa = PBXFileReference; fileEncoding = 4; lastKnownFileType = sourcecode.swift; path = Result.swift; sourceTree = "<group>"; };
		3C82856D1C1A1E2900ECF06C /* PhotoTableViewCell.swift */ = {isa = PBXFileReference; fileEncoding = 4; lastKnownFileType = sourcecode.swift; path = PhotoTableViewCell.swift; sourceTree = "<group>"; };
		3CFCDDDD1C1971B600B061E0 /* BindingWithBond.app */ = {isa = PBXFileReference; explicitFileType = wrapper.application; includeInIndex = 0; path = BindingWithBond.app; sourceTree = BUILT_PRODUCTS_DIR; };
		3CFCDDE01C1971B600B061E0 /* AppDelegate.swift */ = {isa = PBXFileReference; lastKnownFileType = sourcecode.swift; path = AppDelegate.swift; sourceTree = "<group>"; };
		3CFCDDE21C1971B600B061E0 /* PhotoSearchViewController.swift */ = {isa = PBXFileReference; lastKnownFileType = sourcecode.swift; path = PhotoSearchViewController.swift; sourceTree = "<group>"; };
		3CFCDDE51C1971B600B061E0 /* Base */ = {isa = PBXFileReference; lastKnownFileType = file.storyboard; name = Base; path = Base.lproj/Main.storyboard; sourceTree = "<group>"; };
		3CFCDDE71C1971B600B061E0 /* Assets.xcassets */ = {isa = PBXFileReference; lastKnownFileType = folder.assetcatalog; path = Assets.xcassets; sourceTree = "<group>"; };
		3CFCDDEA1C1971B600B061E0 /* Base */ = {isa = PBXFileReference; lastKnownFileType = file.storyboard; name = Base; path = Base.lproj/LaunchScreen.storyboard; sourceTree = "<group>"; };
		3CFCDDEC1C1971B600B061E0 /* Info.plist */ = {isa = PBXFileReference; lastKnownFileType = text.plist.xml; path = Info.plist; sourceTree = "<group>"; };
		3CFCDDF51C1981C100B061E0 /* SettingsViewController.swift */ = {isa = PBXFileReference; fileEncoding = 4; lastKnownFileType = sourcecode.swift; path = SettingsViewController.swift; sourceTree = "<group>"; };
		45B77C571E2BFA25000E7047 /* ManuallyWireUpUIExample.playground */ = {isa = PBXFileReference; lastKnownFileType = file.playground; path = ManuallyWireUpUIExample.playground; sourceTree = "<group>"; };
		45DFBCBE1E2BFCFE009F5104 /* ManuallyWireUpWithDataModel.playground */ = {isa = PBXFileReference; lastKnownFileType = file.playground; path = ManuallyWireUpWithDataModel.playground; sourceTree = "<group>"; };
		45F8471F1E2C1557004CBA6F /* WiringUpWithBond.playground */ = {isa = PBXFileReference; lastKnownFileType = file.playground; path = WiringUpWithBond.playground; sourceTree = "<group>"; };
		9512AE2444B3334C5A8608C0 /* Pods-BindingWithBond.release.xcconfig */ = {isa = PBXFileReference; includeInIndex = 1; lastKnownFileType = text.xcconfig; name = "Pods-BindingWithBond.release.xcconfig"; path = "Pods/Target Support Files/Pods-BindingWithBond/Pods-BindingWithBond.release.xcconfig"; sourceTree = "<group>"; };
		C6BB269468E922CE4B7EA08F /* Pods_BindingWithBond.framework */ = {isa = PBXFileReference; explicitFileType = wrapper.framework; includeInIndex = 0; path = Pods_BindingWithBond.framework; sourceTree = BUILT_PRODUCTS_DIR; };
		CE07C5623C6C7639BEAB62EE /* Pods-BindingWithBond.debug.xcconfig */ = {isa = PBXFileReference; includeInIndex = 1; lastKnownFileType = text.xcconfig; name = "Pods-BindingWithBond.debug.xcconfig"; path = "Pods/Target Support Files/Pods-BindingWithBond/Pods-BindingWithBond.debug.xcconfig"; sourceTree = "<group>"; };
/* End PBXFileReference section */

/* Begin PBXFrameworksBuildPhase section */
		3CFCDDDA1C1971B600B061E0 /* Frameworks */ = {
			isa = PBXFrameworksBuildPhase;
			buildActionMask = 2147483647;
			files = (
				8D11113BF04AE15938F7A226 /* Pods_BindingWithBond.framework in Frameworks */,
			);
			runOnlyForDeploymentPostprocessing = 0;
		};
/* End PBXFrameworksBuildPhase section */

/* Begin PBXGroup section */
		03EE1CB9D2EDCCAA7D20B834 /* Pods */ = {
			isa = PBXGroup;
			children = (
				CE07C5623C6C7639BEAB62EE /* Pods-BindingWithBond.debug.xcconfig */,
				9512AE2444B3334C5A8608C0 /* Pods-BindingWithBond.release.xcconfig */,
			);
			name = Pods;
			sourceTree = "<group>";
		};
		3C82855C1C19D8BB00ECF06C /* Model */ = {
			isa = PBXGroup;
			children = (
				3C82855D1C19D8BB00ECF06C /* Photo.swift */,
				3C82855E1C19D8BB00ECF06C /* PhotoQuery.swift */,
				3C82855F1C19D8BB00ECF06C /* PhotoSearch.swift */,
				3C8285601C19D8BB00ECF06C /* PhotoSearchError.swift */,
				3C8285611C19D8BB00ECF06C /* Result.swift */,
			);
			path = Model;
			sourceTree = "<group>";
		};
		3C8285671C19DCDC00ECF06C /* ViewModel */ = {
			isa = PBXGroup;
			children = (
			);
			path = ViewModel;
			sourceTree = "<group>";
		};
		3CFCDDD41C1971B500B061E0 = {
			isa = PBXGroup;
			children = (
				45F8471F1E2C1557004CBA6F /* WiringUpWithBond.playground */,
				45DFBCBE1E2BFCFE009F5104 /* ManuallyWireUpWithDataModel.playground */,
				45B77C571E2BFA25000E7047 /* ManuallyWireUpUIExample.playground */,
				3CFCDDDF1C1971B600B061E0 /* BindingWithBond */,
				3CFCDDDE1C1971B600B061E0 /* Products */,
				768A3D98D6A72503C4EDCE3A /* Frameworks */,
				03EE1CB9D2EDCCAA7D20B834 /* Pods */,
			);
			sourceTree = "<group>";
		};
		3CFCDDDE1C1971B600B061E0 /* Products */ = {
			isa = PBXGroup;
			children = (
				3CFCDDDD1C1971B600B061E0 /* BindingWithBond.app */,
			);
			name = Products;
			sourceTree = "<group>";
		};
		3CFCDDDF1C1971B600B061E0 /* BindingWithBond */ = {
			isa = PBXGroup;
			children = (
				3C8285671C19DCDC00ECF06C /* ViewModel */,
				3C82855C1C19D8BB00ECF06C /* Model */,
				3C82856D1C1A1E2900ECF06C /* PhotoTableViewCell.swift */,
				3CFCDDE01C1971B600B061E0 /* AppDelegate.swift */,
				3CFCDDE21C1971B600B061E0 /* PhotoSearchViewController.swift */,
				3CFCDDF51C1981C100B061E0 /* SettingsViewController.swift */,
				3CFCDDE41C1971B600B061E0 /* Main.storyboard */,
				3CFCDDE71C1971B600B061E0 /* Assets.xcassets */,
				3CFCDDE91C1971B600B061E0 /* LaunchScreen.storyboard */,
				3CFCDDEC1C1971B600B061E0 /* Info.plist */,
			);
			path = BindingWithBond;
			sourceTree = "<group>";
		};
		768A3D98D6A72503C4EDCE3A /* Frameworks */ = {
			isa = PBXGroup;
			children = (
				2FF54F22CDFC77198915DAFB /* Pods.framework */,
				C6BB269468E922CE4B7EA08F /* Pods_BindingWithBond.framework */,
			);
			name = Frameworks;
			sourceTree = "<group>";
		};
/* End PBXGroup section */

/* Begin PBXNativeTarget section */
		3CFCDDDC1C1971B600B061E0 /* BindingWithBond */ = {
			isa = PBXNativeTarget;
			buildConfigurationList = 3CFCDDEF1C1971B600B061E0 /* Build configuration list for PBXNativeTarget "BindingWithBond" */;
			buildPhases = (
				AB9C596B789005CB5AE17ABA /* [CP] Check Pods Manifest.lock */,
				3CFCDDD91C1971B600B061E0 /* Sources */,
				3CFCDDDA1C1971B600B061E0 /* Frameworks */,
				3CFCDDDB1C1971B600B061E0 /* Resources */,
				0989D17ACE66041F305291AE /* [CP] Embed Pods Frameworks */,
				D7F54501A4778A6B50941BD4 /* [CP] Copy Pods Resources */,
			);
			buildRules = (
			);
			dependencies = (
			);
			name = BindingWithBond;
			productName = BindingWithBond;
			productReference = 3CFCDDDD1C1971B600B061E0 /* BindingWithBond.app */;
			productType = "com.apple.product-type.application";
		};
/* End PBXNativeTarget section */

/* Begin PBXProject section */
		3CFCDDD51C1971B500B061E0 /* Project object */ = {
			isa = PBXProject;
			attributes = {
				LastSwiftUpdateCheck = 0710;
				LastUpgradeCheck = 0820;
				ORGANIZATIONNAME = Razeware;
				TargetAttributes = {
					3CFCDDDC1C1971B600B061E0 = {
						CreatedOnToolsVersion = 7.1.1;
						LastSwiftMigration = 0820;
					};
				};
			};
			buildConfigurationList = 3CFCDDD81C1971B500B061E0 /* Build configuration list for PBXProject "BindingWithBond" */;
			compatibilityVersion = "Xcode 3.2";
			developmentRegion = English;
			hasScannedForEncodings = 0;
			knownRegions = (
				en,
				Base,
			);
			mainGroup = 3CFCDDD41C1971B500B061E0;
			productRefGroup = 3CFCDDDE1C1971B600B061E0 /* Products */;
			projectDirPath = "";
			projectRoot = "";
			targets = (
				3CFCDDDC1C1971B600B061E0 /* BindingWithBond */,
			);
		};
/* End PBXProject section */

/* Begin PBXResourcesBuildPhase section */
		3CFCDDDB1C1971B600B061E0 /* Resources */ = {
			isa = PBXResourcesBuildPhase;
			buildActionMask = 2147483647;
			files = (
				3CFCDDEB1C1971B600B061E0 /* LaunchScreen.storyboard in Resources */,
				3CFCDDE81C1971B600B061E0 /* Assets.xcassets in Resources */,
				3CFCDDE61C1971B600B061E0 /* Main.storyboard in Resources */,
			);
			runOnlyForDeploymentPostprocessing = 0;
		};
/* End PBXResourcesBuildPhase section */

/* Begin PBXShellScriptBuildPhase section */
		0989D17ACE66041F305291AE /* [CP] Embed Pods Frameworks */ = {
			isa = PBXShellScriptBuildPhase;
			buildActionMask = 2147483647;
			files = (
			);
			inputPaths = (
			);
			name = "[CP] Embed Pods Frameworks";
			outputPaths = (
			);
			runOnlyForDeploymentPostprocessing = 0;
			shellPath = /bin/sh;
			shellScript = "\"${SRCROOT}/Pods/Target Support Files/Pods-BindingWithBond/Pods-BindingWithBond-frameworks.sh\"\n";
			showEnvVarsInLog = 0;
		};
		AB9C596B789005CB5AE17ABA /* [CP] Check Pods Manifest.lock */ = {
			isa = PBXShellScriptBuildPhase;
			buildActionMask = 2147483647;
			files = (
			);
			inputPaths = (
			);
			name = "[CP] Check Pods Manifest.lock";
			outputPaths = (
			);
			runOnlyForDeploymentPostprocessing = 0;
			shellPath = /bin/sh;
			shellScript = "diff \"${PODS_ROOT}/../Podfile.lock\" \"${PODS_ROOT}/Manifest.lock\" > /dev/null\nif [ $? != 0 ] ; then\n    # print error to STDERR\n    echo \"error: The sandbox is not in sync with the Podfile.lock. Run 'pod install' or update your CocoaPods installation.\" >&2\n    exit 1\nfi\n";
			showEnvVarsInLog = 0;
		};
		D7F54501A4778A6B50941BD4 /* [CP] Copy Pods Resources */ = {
			isa = PBXShellScriptBuildPhase;
			buildActionMask = 2147483647;
			files = (
			);
			inputPaths = (
			);
			name = "[CP] Copy Pods Resources";
			outputPaths = (
			);
			runOnlyForDeploymentPostprocessing = 0;
			shellPath = /bin/sh;
			shellScript = "\"${SRCROOT}/Pods/Target Support Files/Pods-BindingWithBond/Pods-BindingWithBond-resources.sh\"\n";
			showEnvVarsInLog = 0;
		};
/* End PBXShellScriptBuildPhase section */

/* Begin PBXSourcesBuildPhase section */
		3CFCDDD91C1971B600B061E0 /* Sources */ = {
			isa = PBXSourcesBuildPhase;
			buildActionMask = 2147483647;
			files = (
				3C82856E1C1A1E2900ECF06C /* PhotoTableViewCell.swift in Sources */,
				3C8285661C19D8BB00ECF06C /* Result.swift in Sources */,
				3CFCDDE31C1971B600B061E0 /* PhotoSearchViewController.swift in Sources */,
				3CFCDDE11C1971B600B061E0 /* AppDelegate.swift in Sources */,
				3C8285651C19D8BB00ECF06C /* PhotoSearchError.swift in Sources */,
				3C8285631C19D8BB00ECF06C /* PhotoQuery.swift in Sources */,
				3C8285641C19D8BB00ECF06C /* PhotoSearch.swift in Sources */,
				3CFCDDF61C1981C100B061E0 /* SettingsViewController.swift in Sources */,
				3C8285621C19D8BB00ECF06C /* Photo.swift in Sources */,
			);
			runOnlyForDeploymentPostprocessing = 0;
		};
/* End PBXSourcesBuildPhase section */

/* Begin PBXVariantGroup section */
		3CFCDDE41C1971B600B061E0 /* Main.storyboard */ = {
			isa = PBXVariantGroup;
			children = (
				3CFCDDE51C1971B600B061E0 /* Base */,
			);
			name = Main.storyboard;
			sourceTree = "<group>";
		};
		3CFCDDE91C1971B600B061E0 /* LaunchScreen.storyboard */ = {
			isa = PBXVariantGroup;
			children = (
				3CFCDDEA1C1971B600B061E0 /* Base */,
			);
			name = LaunchScreen.storyboard;
			sourceTree = "<group>";
		};
/* End PBXVariantGroup section */

/* Begin XCBuildConfiguration section */
		3CFCDDED1C1971B600B061E0 /* Debug */ = {
			isa = XCBuildConfiguration;
			buildSettings = {
				ALWAYS_SEARCH_USER_PATHS = NO;
				CLANG_CXX_LANGUAGE_STANDARD = "gnu++0x";
				CLANG_CXX_LIBRARY = "libc++";
				CLANG_ENABLE_MODULES = YES;
				CLANG_ENABLE_OBJC_ARC = YES;
				CLANG_WARN_BOOL_CONVERSION = YES;
				CLANG_WARN_CONSTANT_CONVERSION = YES;
				CLANG_WARN_DIRECT_OBJC_ISA_USAGE = YES_ERROR;
				CLANG_WARN_EMPTY_BODY = YES;
				CLANG_WARN_ENUM_CONVERSION = YES;
				CLANG_WARN_INFINITE_RECURSION = YES;
				CLANG_WARN_INT_CONVERSION = YES;
				CLANG_WARN_OBJC_ROOT_CLASS = YES_ERROR;
				CLANG_WARN_SUSPICIOUS_MOVE = YES;
				CLANG_WARN_UNREACHABLE_CODE = YES;
				CLANG_WARN__DUPLICATE_METHOD_MATCH = YES;
				"CODE_SIGN_IDENTITY[sdk=iphoneos*]" = "iPhone Developer";
				COPY_PHASE_STRIP = NO;
				DEBUG_INFORMATION_FORMAT = dwarf;
				ENABLE_STRICT_OBJC_MSGSEND = YES;
				ENABLE_TESTABILITY = YES;
				GCC_C_LANGUAGE_STANDARD = gnu99;
				GCC_DYNAMIC_NO_PIC = NO;
				GCC_NO_COMMON_BLOCKS = YES;
				GCC_OPTIMIZATION_LEVEL = 0;
				GCC_PREPROCESSOR_DEFINITIONS = (
					"DEBUG=1",
					"$(inherited)",
				);
				GCC_WARN_64_TO_32_BIT_CONVERSION = YES;
				GCC_WARN_ABOUT_RETURN_TYPE = YES_ERROR;
				GCC_WARN_UNDECLARED_SELECTOR = YES;
				GCC_WARN_UNINITIALIZED_AUTOS = YES_AGGRESSIVE;
				GCC_WARN_UNUSED_FUNCTION = YES;
				GCC_WARN_UNUSED_VARIABLE = YES;
				IPHONEOS_DEPLOYMENT_TARGET = 9.1;
				MTL_ENABLE_DEBUG_INFO = YES;
				ONLY_ACTIVE_ARCH = YES;
				SDKROOT = iphoneos;
				SWIFT_OPTIMIZATION_LEVEL = "-Onone";
			};
			name = Debug;
		};
		3CFCDDEE1C1971B600B061E0 /* Release */ = {
			isa = XCBuildConfiguration;
			buildSettings = {
				ALWAYS_SEARCH_USER_PATHS = NO;
				CLANG_CXX_LANGUAGE_STANDARD = "gnu++0x";
				CLANG_CXX_LIBRARY = "libc++";
				CLANG_ENABLE_MODULES = YES;
				CLANG_ENABLE_OBJC_ARC = YES;
				CLANG_WARN_BOOL_CONVERSION = YES;
				CLANG_WARN_CONSTANT_CONVERSION = YES;
				CLANG_WARN_DIRECT_OBJC_ISA_USAGE = YES_ERROR;
				CLANG_WARN_EMPTY_BODY = YES;
				CLANG_WARN_ENUM_CONVERSION = YES;
				CLANG_WARN_INFINITE_RECURSION = YES;
				CLANG_WARN_INT_CONVERSION = YES;
				CLANG_WARN_OBJC_ROOT_CLASS = YES_ERROR;
				CLANG_WARN_SUSPICIOUS_MOVE = YES;
				CLANG_WARN_UNREACHABLE_CODE = YES;
				CLANG_WARN__DUPLICATE_METHOD_MATCH = YES;
				"CODE_SIGN_IDENTITY[sdk=iphoneos*]" = "iPhone Developer";
				COPY_PHASE_STRIP = NO;
				DEBUG_INFORMATION_FORMAT = "dwarf-with-dsym";
				ENABLE_NS_ASSERTIONS = NO;
				ENABLE_STRICT_OBJC_MSGSEND = YES;
				GCC_C_LANGUAGE_STANDARD = gnu99;
				GCC_NO_COMMON_BLOCKS = YES;
				GCC_WARN_64_TO_32_BIT_CONVERSION = YES;
				GCC_WARN_ABOUT_RETURN_TYPE = YES_ERROR;
				GCC_WARN_UNDECLARED_SELECTOR = YES;
				GCC_WARN_UNINITIALIZED_AUTOS = YES_AGGRESSIVE;
				GCC_WARN_UNUSED_FUNCTION = YES;
				GCC_WARN_UNUSED_VARIABLE = YES;
				IPHONEOS_DEPLOYMENT_TARGET = 9.1;
				MTL_ENABLE_DEBUG_INFO = NO;
				SDKROOT = iphoneos;
				SWIFT_OPTIMIZATION_LEVEL = "-Owholemodule";
				VALIDATE_PRODUCT = YES;
			};
			name = Release;
		};
		3CFCDDF01C1971B600B061E0 /* Debug */ = {
			isa = XCBuildConfiguration;
			baseConfigurationReference = CE07C5623C6C7639BEAB62EE /* Pods-BindingWithBond.debug.xcconfig */;
			buildSettings = {
				ALWAYS_EMBED_SWIFT_STANDARD_LIBRARIES = YES;
				ASSETCATALOG_COMPILER_APPICON_NAME = AppIcon;
				INFOPLIST_FILE = BindingWithBond/Info.plist;
				LD_RUNPATH_SEARCH_PATHS = "$(inherited) @executable_path/Frameworks";
				PRODUCT_BUNDLE_IDENTIFIER = com.razeware.BindingWithBond;
				PRODUCT_NAME = "$(TARGET_NAME)";
				SWIFT_VERSION = 3.0;
			};
			name = Debug;
		};
		3CFCDDF11C1971B600B061E0 /* Release */ = {
			isa = XCBuildConfiguration;
			baseConfigurationReference = 9512AE2444B3334C5A8608C0 /* Pods-BindingWithBond.release.xcconfig */;
			buildSettings = {
				ALWAYS_EMBED_SWIFT_STANDARD_LIBRARIES = YES;
				ASSETCATALOG_COMPILER_APPICON_NAME = AppIcon;
				INFOPLIST_FILE = BindingWithBond/Info.plist;
				LD_RUNPATH_SEARCH_PATHS = "$(inherited) @executable_path/Frameworks";
				PRODUCT_BUNDLE_IDENTIFIER = com.razeware.BindingWithBond;
				PRODUCT_NAME = "$(TARGET_NAME)";
				SWIFT_VERSION = 3.0;
			};
			name = Release;
		};
/* End XCBuildConfiguration section */

/* Begin XCConfigurationList section */
		3CFCDDD81C1971B500B061E0 /* Build configuration list for PBXProject "BindingWithBond" */ = {
			isa = XCConfigurationList;
			buildConfigurations = (
				3CFCDDED1C1971B600B061E0 /* Debug */,
				3CFCDDEE1C1971B600B061E0 /* Release */,
			);
			defaultConfigurationIsVisible = 0;
			defaultConfigurationName = Release;
		};
		3CFCDDEF1C1971B600B061E0 /* Build configuration list for PBXNativeTarget "BindingWithBond" */ = {
			isa = XCConfigurationList;
			buildConfigurations = (
				3CFCDDF01C1971B600B061E0 /* Debug */,
				3CFCDDF11C1971B600B061E0 /* Release */,
			);
			defaultConfigurationIsVisible = 0;
			defaultConfigurationName = Release;
		};
/* End XCConfigurationList section */
	};
	rootObject = 3CFCDDD51C1971B500B061E0 /* Project object */;
}
